
Microsoft Visual Studio Solution File, Format Version 12.00
# Visual Studio Version 16
VisualStudioVersion = 16.0.32228.343
MinimumVisualStudioVersion = 10.0.40219.1
Project("{FAE04EC0-301F-11D3-BF4B-00C04F79EFBC}") = "yazlab2_1", "yazlab2_1\yazlab2_1.csproj", "{8B95B380-4899-4DBA-9BB5-803F52B8ED6E}"
EndProject
Global
	GlobalSection(SolutionConfigurationPlatforms) = preSolution
		Debug|Any CPU = Debug|Any CPU
		Release|Any CPU = Release|Any CPU
	EndGlobalSection
	GlobalSection(ProjectConfigurationPlatforms) = postSolution
		{8B95B380-4899-4DBA-9BB5-803F52B8ED6E}.Debug|Any CPU.ActiveCfg = Debug|Any CPU
		{8B95B380-4899-4DBA-9BB5-803F52B8ED6E}.Debug|Any CPU.Build.0 = Debug|Any CPU
		{8B95B380-4899-4DBA-9BB5-803F52B8ED6E}.Release|Any CPU.ActiveCfg = Release|Any CPU
		{8B95B380-4899-4DBA-9BB5-803F52B8ED6E}.Release|Any CPU.Build.0 = Release|Any CPU
	EndGlobalSection
	GlobalSection(SolutionProperties) = preSolution
		HideSolutionNode = FALSE
	EndGlobalSection
	GlobalSection(ExtensibilityGlobals) = postSolution
		SolutionGuid = {55D2D66D-242F-4E8F-9671-077D24A52BC4}
	EndGlobalSection
EndGlobal
